
Microsoft Visual Studio Solution File, Format Version 11.00
# Visual Studio 2010
# SharpDevelop 4.3
Project("{FAE04EC0-301F-11D3-BF4B-00C04F79EFBC}") = "ZNMI", "ZNMI\ZNMI.csproj", "{08ED1A47-8EF9-4BCA-BFD6-84A415F36115}"
EndProject
Project("{FAE04EC0-301F-11D3-BF4B-00C04F79EFBC}") = "DJPCommonBioinfo", "..\DJPCommonBioinfo\DJPCommonBioinfo.csproj", "{A1BC4136-289A-496D-A1F9-C7AE218DE1DB}"
EndProject
Global
	GlobalSection(SolutionConfigurationPlatforms) = preSolution
		Debug|x86 = Debug|x86
		Release|x86 = Release|x86
	EndGlobalSection
	GlobalSection(ProjectConfigurationPlatforms) = postSolution
		{08ED1A47-8EF9-4BCA-BFD6-84A415F36115}.Debug|x86.Build.0 = Debug|x86
		{08ED1A47-8EF9-4BCA-BFD6-84A415F36115}.Debug|x86.ActiveCfg = Debug|x86
		{08ED1A47-8EF9-4BCA-BFD6-84A415F36115}.Release|x86.Build.0 = Release|x86
		{08ED1A47-8EF9-4BCA-BFD6-84A415F36115}.Release|x86.ActiveCfg = Release|x86
		{A1BC4136-289A-496D-A1F9-C7AE218DE1DB}.Debug|x86.Build.0 = Debug|x86
		{A1BC4136-289A-496D-A1F9-C7AE218DE1DB}.Debug|x86.ActiveCfg = Debug|x86
		{A1BC4136-289A-496D-A1F9-C7AE218DE1DB}.Release|x86.Build.0 = Release|x86
		{A1BC4136-289A-496D-A1F9-C7AE218DE1DB}.Release|x86.ActiveCfg = Release|x86
	EndGlobalSection
EndGlobal
